// !$*UTF8*$!
{
	archiveVersion = 1;
	classes = {
	};
	objectVersion = 50;
	objects = {

/* Begin PBXBuildFile section */
		117B951722196F6500F065B9 /* main.cpp in Sources */ = {isa = PBXBuildFile; fileRef = 117B951622196F6500F065B9 /* main.cpp */; };
/* End PBXBuildFile section */

/* Begin PBXCopyFilesBuildPhase section */
		117B951122196F6500F065B9 /* CopyFiles */ = {
			isa = PBXCopyFilesBuildPhase;
			buildActionMask = 2147483647;
			dstPath = /usr/share/man/man1/;
			dstSubfolderSpec = 0;
			files = (
			);
			runOnlyForDeploymentPostprocessing = 1;
		};
/* End PBXCopyFilesBuildPhase section */

/* Begin PBXFileReference section */
		11370B12221EB825002E7370 /* mul.vcd */ = {isa = PBXFileReference; fileEncoding = 4; lastKnownFileType = text; path = mul.vcd; sourceTree = "<group>"; };
		117B951322196F6500F065B9 /* dd2 */ = {isa = PBXFileReference; explicitFileType = "compiled.mach-o.executable"; includeInIndex = 0; path = dd2; sourceTree = BUILT_PRODUCTS_DIR; };
		117B951622196F6500F065B9 /* main.cpp */ = {isa = PBXFileReference; lastKnownFileType = sourcecode.cpp.cpp; path = main.cpp; sourceTree = "<group>"; };
		117B951D2219733F00F065B9 /* carrySaveAdder_tb.vcd */ = {isa = PBXFileReference; lastKnownFileType = text; path = carrySaveAdder_tb.vcd; sourceTree = "<group>"; };
		11BE289B221AD8900018EB14 /* counter_tb.vcd */ = {isa = PBXFileReference; lastKnownFileType = text; path = counter_tb.vcd; sourceTree = "<group>"; };
		11BE289C221ADD250018EB14 /* DualPortedMem_tb.vcd */ = {isa = PBXFileReference; fileEncoding = 4; lastKnownFileType = text; path = DualPortedMem_tb.vcd; sourceTree = "<group>"; };
		11BE289D221AEF330018EB14 /* RegisterFile_tb.vcd */ = {isa = PBXFileReference; fileEncoding = 4; lastKnownFileType = text; path = RegisterFile_tb.vcd; sourceTree = "<group>"; };
		11BE289E221AF5240018EB14 /* adder_tb.vcd */ = {isa = PBXFileReference; fileEncoding = 4; lastKnownFileType = text; path = adder_tb.vcd; sourceTree = "<group>"; };
		11BE289F221B39DC0018EB14 /* multiplier_tb.vcd */ = {isa = PBXFileReference; fileEncoding = 4; lastKnownFileType = text; path = multiplier_tb.vcd; sourceTree = "<group>"; };
/* End PBXFileReference section */

/* Begin PBXFrameworksBuildPhase section */
		117B951022196F6500F065B9 /* Frameworks */ = {
			isa = PBXFrameworksBuildPhase;
			buildActionMask = 2147483647;
			files = (
			);
			runOnlyForDeploymentPostprocessing = 0;
		};
/* End PBXFrameworksBuildPhase section */

/* Begin PBXGroup section */
		117B950A22196F6500F065B9 = {
			isa = PBXGroup;
			children = (
				117B951522196F6500F065B9 /* dd2 */,
				117B951422196F6500F065B9 /* Products */,
			);
			sourceTree = "<group>";
		};
		117B951422196F6500F065B9 /* Products */ = {
			isa = PBXGroup;
			children = (
				117B951322196F6500F065B9 /* dd2 */,
			);
			name = Products;
			sourceTree = "<group>";
		};
		117B951522196F6500F065B9 /* dd2 */ = {
			isa = PBXGroup;
			children = (
				11BE289F221B39DC0018EB14 /* multiplier_tb.vcd */,
				11BE289E221AF5240018EB14 /* adder_tb.vcd */,
				11BE289D221AEF330018EB14 /* RegisterFile_tb.vcd */,
				11BE289C221ADD250018EB14 /* DualPortedMem_tb.vcd */,
				117B951622196F6500F065B9 /* main.cpp */,
				11370B12221EB825002E7370 /* mul.vcd */,
				11BE289B221AD8900018EB14 /* counter_tb.vcd */,
				117B951D2219733F00F065B9 /* carrySaveAdder_tb.vcd */,
			);
			path = dd2;
			sourceTree = "<group>";
		};
/* End PBXGroup section */

/* Begin PBXNativeTarget section */
		117B951222196F6500F065B9 /* dd2 */ = {
			isa = PBXNativeTarget;
			buildConfigurationList = 117B951A22196F6500F065B9 /* Build configuration list for PBXNativeTarget "dd2" */;
			buildPhases = (
				117B950F22196F6500F065B9 /* Sources */,
				117B951022196F6500F065B9 /* Frameworks */,
				117B951122196F6500F065B9 /* CopyFiles */,
			);
			buildRules = (
			);
			dependencies = (
			);
			name = dd2;
			productName = dd2;
			productReference = 117B951322196F6500F065B9 /* dd2 */;
			productType = "com.apple.product-type.tool";
		};
/* End PBXNativeTarget section */

/* Begin PBXProject section */
		117B950B22196F6500F065B9 /* Project object */ = {
			isa = PBXProject;
			attributes = {
				LastUpgradeCheck = 1010;
				ORGANIZATIONNAME = "Habiba Bassem";
				TargetAttributes = {
					117B951222196F6500F065B9 = {
						CreatedOnToolsVersion = 10.1;
					};
				};
			};
			buildConfigurationList = 117B950E22196F6500F065B9 /* Build configuration list for PBXProject "dd2" */;
			compatibilityVersion = "Xcode 9.3";
			developmentRegion = en;
			hasScannedForEncodings = 0;
			knownRegions = (
				en,
			);
			mainGroup = 117B950A22196F6500F065B9;
			productRefGroup = 117B951422196F6500F065B9 /* Products */;
			projectDirPath = "";
			projectRoot = "";
			targets = (
				117B951222196F6500F065B9 /* dd2 */,
			);
		};
/* End PBXProject section */

/* Begin PBXSourcesBuildPhase section */
		117B950F22196F6500F065B9 /* Sources */ = {
			isa = PBXSourcesBuildPhase;
			buildActionMask = 2147483647;
			files = (
				117B951722196F6500F065B9 /* main.cpp in Sources */,
			);
			runOnlyForDeploymentPostprocessing = 0;
		};
/* End PBXSourcesBuildPhase section */

/* Begin XCBuildConfiguration section */
		117B951822196F6500F065B9 /* Debug */ = {
			isa = XCBuildConfiguration;
			buildSettings = {
				ALWAYS_SEARCH_USER_PATHS = NO;
				CLANG_ANALYZER_NONNULL = YES;
				CLANG_ANALYZER_NUMBER_OBJECT_CONVERSION = YES_AGGRESSIVE;
				CLANG_CXX_LANGUAGE_STANDARD = "gnu++14";
				CLANG_CXX_LIBRARY = "libc++";
				CLANG_ENABLE_MODULES = YES;
				CLANG_ENABLE_OBJC_ARC = YES;
				CLANG_ENABLE_OBJC_WEAK = YES;
				CLANG_WARN_BLOCK_CAPTURE_AUTORELEASING = YES;
				CLANG_WARN_BOOL_CONVERSION = YES;
				CLANG_WARN_COMMA = YES;
				CLANG_WARN_CONSTANT_CONVERSION = YES;
				CLANG_WARN_DEPRECATED_OBJC_IMPLEMENTATIONS = YES;
				CLANG_WARN_DIRECT_OBJC_ISA_USAGE = YES_ERROR;
				CLANG_WARN_DOCUMENTATION_COMMENTS = YES;
				CLANG_WARN_EMPTY_BODY = YES;
				CLANG_WARN_ENUM_CONVERSION = YES;
				CLANG_WARN_INFINITE_RECURSION = YES;
				CLANG_WARN_INT_CONVERSION = YES;
				CLANG_WARN_NON_LITERAL_NULL_CONVERSION = YES;
				CLANG_WARN_OBJC_IMPLICIT_RETAIN_SELF = YES;
				CLANG_WARN_OBJC_LITERAL_CONVERSION = YES;
				CLANG_WARN_OBJC_ROOT_CLASS = YES_ERROR;
				CLANG_WARN_RANGE_LOOP_ANALYSIS = YES;
				CLANG_WARN_STRICT_PROTOTYPES = YES;
				CLANG_WARN_SUSPICIOUS_MOVE = YES;
				CLANG_WARN_UNGUARDED_AVAILABILITY = YES_AGGRESSIVE;
				CLANG_WARN_UNREACHABLE_CODE = YES;
				CLANG_WARN__DUPLICATE_METHOD_MATCH = YES;
				CODE_SIGN_IDENTITY = "Mac Developer";
				COPY_PHASE_STRIP = NO;
				DEBUG_INFORMATION_FORMAT = dwarf;
				ENABLE_STRICT_OBJC_MSGSEND = YES;
				ENABLE_TESTABILITY = YES;
				GCC_C_LANGUAGE_STANDARD = gnu11;
				GCC_DYNAMIC_NO_PIC = NO;
				GCC_NO_COMMON_BLOCKS = YES;
				GCC_OPTIMIZATION_LEVEL = 0;
				GCC_PREPROCESSOR_DEFINITIONS = (
					"DEBUG=1",
					"$(inherited)",
				);
				GCC_WARN_64_TO_32_BIT_CONVERSION = YES;
				GCC_WARN_ABOUT_RETURN_TYPE = YES_ERROR;
				GCC_WARN_UNDECLARED_SELECTOR = YES;
				GCC_WARN_UNINITIALIZED_AUTOS = YES_AGGRESSIVE;
				GCC_WARN_UNUSED_FUNCTION = YES;
				GCC_WARN_UNUSED_VARIABLE = YES;
				MACOSX_DEPLOYMENT_TARGET = 10.14;
				MTL_ENABLE_DEBUG_INFO = INCLUDE_SOURCE;
				MTL_FAST_MATH = YES;
				ONLY_ACTIVE_ARCH = YES;
				SDKROOT = macosx;
			};
			name = Debug;
		};
		117B951922196F6500F065B9 /* Release */ = {
			isa = XCBuildConfiguration;
			buildSettings = {
				ALWAYS_SEARCH_USER_PATHS = NO;
				CLANG_ANALYZER_NONNULL = YES;
				CLANG_ANALYZER_NUMBER_OBJECT_CONVERSION = YES_AGGRESSIVE;
				CLANG_CXX_LANGUAGE_STANDARD = "gnu++14";
				CLANG_CXX_LIBRARY = "libc++";
				CLANG_ENABLE_MODULES = YES;
				CLANG_ENABLE_OBJC_ARC = YES;
				CLANG_ENABLE_OBJC_WEAK = YES;
				CLANG_WARN_BLOCK_CAPTURE_AUTORELEASING = YES;
				CLANG_WARN_BOOL_CONVERSION = YES;
				CLANG_WARN_COMMA = YES;
				CLANG_WARN_CONSTANT_CONVERSION = YES;
				CLANG_WARN_DEPRECATED_OBJC_IMPLEMENTATIONS = YES;
				CLANG_WARN_DIRECT_OBJC_ISA_USAGE = YES_ERROR;
				CLANG_WARN_DOCUMENTATION_COMMENTS = YES;
				CLANG_WARN_EMPTY_BODY = YES;
				CLANG_WARN_ENUM_CONVERSION = YES;
				CLANG_WARN_INFINITE_RECURSION = YES;
				CLANG_WARN_INT_CONVERSION = YES;
				CLANG_WARN_NON_LITERAL_NULL_CONVERSION = YES;
				CLANG_WARN_OBJC_IMPLICIT_RETAIN_SELF = YES;
				CLANG_WARN_OBJC_LITERAL_CONVERSION = YES;
				CLANG_WARN_OBJC_ROOT_CLASS = YES_ERROR;
				CLANG_WARN_RANGE_LOOP_ANALYSIS = YES;
				CLANG_WARN_STRICT_PROTOTYPES = YES;
				CLANG_WARN_SUSPICIOUS_MOVE = YES;
				CLANG_WARN_UNGUARDED_AVAILABILITY = YES_AGGRESSIVE;
				CLANG_WARN_UNREACHABLE_CODE = YES;
				CLANG_WARN__DUPLICATE_METHOD_MATCH = YES;
				CODE_SIGN_IDENTITY = "Mac Developer";
				COPY_PHASE_STRIP = NO;
				DEBUG_INFORMATION_FORMAT = "dwarf-with-dsym";
				ENABLE_NS_ASSERTIONS = NO;
				ENABLE_STRICT_OBJC_MSGSEND = YES;
				GCC_C_LANGUAGE_STANDARD = gnu11;
				GCC_NO_COMMON_BLOCKS = YES;
				GCC_WARN_64_TO_32_BIT_CONVERSION = YES;
				GCC_WARN_ABOUT_RETURN_TYPE = YES_ERROR;
				GCC_WARN_UNDECLARED_SELECTOR = YES;
				GCC_WARN_UNINITIALIZED_AUTOS = YES_AGGRESSIVE;
				GCC_WARN_UNUSED_FUNCTION = YES;
				GCC_WARN_UNUSED_VARIABLE = YES;
				MACOSX_DEPLOYMENT_TARGET = 10.14;
				MTL_ENABLE_DEBUG_INFO = NO;
				MTL_FAST_MATH = YES;
				SDKROOT = macosx;
			};
			name = Release;
		};
		117B951B22196F6500F065B9 /* Debug */ = {
			isa = XCBuildConfiguration;
			buildSettings = {
				CODE_SIGN_STYLE = Automatic;
				DEVELOPMENT_TEAM = DSNVJ67CSM;
				PRODUCT_NAME = "$(TARGET_NAME)";
			};
			name = Debug;
		};
		117B951C22196F6500F065B9 /* Release */ = {
			isa = XCBuildConfiguration;
			buildSettings = {
				CODE_SIGN_STYLE = Automatic;
				DEVELOPMENT_TEAM = DSNVJ67CSM;
				PRODUCT_NAME = "$(TARGET_NAME)";
			};
			name = Release;
		};
/* End XCBuildConfiguration section */

/* Begin XCConfigurationList section */
		117B950E22196F6500F065B9 /* Build configuration list for PBXProject "dd2" */ = {
			isa = XCConfigurationList;
			buildConfigurations = (
				117B951822196F6500F065B9 /* Debug */,
				117B951922196F6500F065B9 /* Release */,
			);
			defaultConfigurationIsVisible = 0;
			defaultConfigurationName = Release;
		};
		117B951A22196F6500F065B9 /* Build configuration list for PBXNativeTarget "dd2" */ = {
			isa = XCConfigurationList;
			buildConfigurations = (
				117B951B22196F6500F065B9 /* Debug */,
				117B951C22196F6500F065B9 /* Release */,
			);
			defaultConfigurationIsVisible = 0;
			defaultConfigurationName = Release;
		};
/* End XCConfigurationList section */
	};
	rootObject = 117B950B22196F6500F065B9 /* Project object */;
}
